
Microsoft Visual Studio Solution File, Format Version 11.00
# Visual Studio 2010
Project("{FAE04EC0-301F-11D3-BF4B-00C04F79EFBC}") = "RandomKicker", "RandomKicker\RandomKicker.csproj", "{398189A9-B9DC-461A-903F-3D8035761090}"
EndProject
Project("{FAE04EC0-301F-11D3-BF4B-00C04F79EFBC}") = "KrozeStalker", "KrozeStalker\KrozeStalker.csproj", "{3338C156-CC4D-487B-A562-6FD86E6044B2}"
EndProject
Project("{2150E333-8FDC-42A3-9474-1A3956D46DE8}") = "Automatic", "Automatic", "{7A0F6953-7172-44FF-B763-60B936177F04}"
EndProject
Project("{FAE04EC0-301F-11D3-BF4B-00C04F79EFBC}") = "URLFollow", "URLFollow\URLFollow.csproj", "{5173DB5A-7CBC-4E08-9B25-FE4F833A22A8}"
EndProject
Project("{FAE04EC0-301F-11D3-BF4B-00C04F79EFBC}") = "Conversation", "Conversation\Conversation.csproj", "{22165B18-211D-4C5C-9530-6A345A1FCE10}"
EndProject
Project("{2150E333-8FDC-42A3-9474-1A3956D46DE8}") = "Fun", "Fun", "{05A06AFC-52DD-4CA6-9432-47AEDE1F6437}"
EndProject
Project("{FAE04EC0-301F-11D3-BF4B-00C04F79EFBC}") = "Roll", "Roll\Roll.csproj", "{A364BA98-57FB-4A1C-8045-2AD10FF192CE}"
EndProject
Project("{FAE04EC0-301F-11D3-BF4B-00C04F79EFBC}") = "MM", "MM\MM.csproj", "{BFFBEBC6-3A37-4D23-80DB-90B958D4F904}"
EndProject
Project("{FAE04EC0-301F-11D3-BF4B-00C04F79EFBC}") = "Welch", "Welch\Welch.csproj", "{60E3B7F6-CE37-40C2-8B32-5DA661B8DE38}"
EndProject
Project("{2150E333-8FDC-42A3-9474-1A3956D46DE8}") = "Internet", "Internet", "{AEF97963-6A6E-491C-8B62-F20EA26CF4D4}"
EndProject
Project("{FAE04EC0-301F-11D3-BF4B-00C04F79EFBC}") = "Google", "Google\Google.csproj", "{51F4DA10-176B-4642-8FE4-2267B3A30759}"
EndProject
Project("{FAE04EC0-301F-11D3-BF4B-00C04F79EFBC}") = "NowPlaying", "NowPlaying\NowPlaying.csproj", "{C1C83191-C40A-4DA0-94EA-0D638BB55AF4}"
EndProject
Project("{FAE04EC0-301F-11D3-BF4B-00C04F79EFBC}") = "Translate", "Translate\Translate.csproj", "{60228856-65B4-4CF5-BD03-73947BB8701C}"
EndProject
Project("{FAE04EC0-301F-11D3-BF4B-00C04F79EFBC}") = "RSSChecker", "RSSChecker\RSSChecker.csproj", "{29963ED4-0F04-41D7-B0DF-0AC6A7CFA538}"
EndProject
Project("{FAE04EC0-301F-11D3-BF4B-00C04F79EFBC}") = "Bitly", "Bitly\Bitly.csproj", "{48F356FE-B882-4344-AD3B-565E0A1D89DB}"
EndProject
Project("{2150E333-8FDC-42A3-9474-1A3956D46DE8}") = "GitHub", "GitHub", "{52FA14F9-29AB-482C-B068-133FB3280444}"
EndProject
Project("{FAE04EC0-301F-11D3-BF4B-00C04F79EFBC}") = "Source", "Source\Source.csproj", "{44EBEFCF-824B-401E-9447-4ECA41B24FC3}"
EndProject
Project("{FAE04EC0-301F-11D3-BF4B-00C04F79EFBC}") = "LastCommit", "LastCommit\LastCommit.csproj", "{A8BEEFCA-2851-4FCA-8393-7AD661A0CF32}"
EndProject
Project("{2150E333-8FDC-42A3-9474-1A3956D46DE8}") = "Bot", "Bot", "{F5F3026B-A611-4307-BC1A-3D2381303F7D}"
EndProject
Project("{FAE04EC0-301F-11D3-BF4B-00C04F79EFBC}") = "Do", "Do\Do.csproj", "{836B1B70-A724-4376-AC00-78DEF08AB20C}"
EndProject
Project("{FAE04EC0-301F-11D3-BF4B-00C04F79EFBC}") = "Ignore", "Ignore\Ignore.csproj", "{3FAA48A7-FCF2-49AB-880A-5E578C403E67}"
EndProject
Project("{FAE04EC0-301F-11D3-BF4B-00C04F79EFBC}") = "Join", "Join\Join.csproj", "{DDAF3AB2-B241-452C-80F8-E5E50437944D}"
EndProject
Project("{FAE04EC0-301F-11D3-BF4B-00C04F79EFBC}") = "Leave", "Leave\Leave.csproj", "{7EABBA0F-41A0-4BB2-AD90-F4BEDEAE3590}"
EndProject
Project("{FAE04EC0-301F-11D3-BF4B-00C04F79EFBC}") = "Nick", "Nick\Nick.csproj", "{12F34090-49D8-438F-B62E-9860C7E105A2}"
EndProject
Project("{FAE04EC0-301F-11D3-BF4B-00C04F79EFBC}") = "Say", "Say\Say.csproj", "{5F0E7D32-CD11-41D8-9C7D-E6E1835BBAD1}"
EndProject
Project("{2150E333-8FDC-42A3-9474-1A3956D46DE8}") = "Utility", "Utility", "{511223A6-2E3E-42DE-9ADE-186E798483F7}"
EndProject
Project("{FAE04EC0-301F-11D3-BF4B-00C04F79EFBC}") = "Calculate", "Calculate\Calculate.csproj", "{1C595154-44D5-4E19-B832-C5EC5D8F0E91}"
EndProject
Project("{FAE04EC0-301F-11D3-BF4B-00C04F79EFBC}") = "Countdown", "Countdown\Countdown.csproj", "{4670531C-7470-481B-8024-90D93698CCB0}"
EndProject
Project("{FAE04EC0-301F-11D3-BF4B-00C04F79EFBC}") = "Log", "Log\Log.csproj", "{0E0A2E16-33D6-42F8-98B9-DC1F985F274A}"
EndProject
Project("{FAE04EC0-301F-11D3-BF4B-00C04F79EFBC}") = "Tell", "Tell\Tell.csproj", "{63DEF1C3-ED54-4FC4-81CD-3E181C2E7B3C}"
EndProject
Project("{FAE04EC0-301F-11D3-BF4B-00C04F79EFBC}") = "Time", "Time\Time.csproj", "{258CE3AB-C4EB-4062-9107-6716519D77F5}"
EndProject
Project("{FAE04EC0-301F-11D3-BF4B-00C04F79EFBC}") = "CTCP", "CTCP\CTCP.csproj", "{767A53E7-9563-4AE0-A891-D978AD611D25}"
EndProject
Global
	GlobalSection(SolutionConfigurationPlatforms) = preSolution
		Debug|Any CPU = Debug|Any CPU
		Release|Any CPU = Release|Any CPU
	EndGlobalSection
	GlobalSection(ProjectConfigurationPlatforms) = postSolution
		{398189A9-B9DC-461A-903F-3D8035761090}.Debug|Any CPU.ActiveCfg = Debug|Any CPU
		{398189A9-B9DC-461A-903F-3D8035761090}.Debug|Any CPU.Build.0 = Debug|Any CPU
		{398189A9-B9DC-461A-903F-3D8035761090}.Release|Any CPU.ActiveCfg = Release|Any CPU
		{398189A9-B9DC-461A-903F-3D8035761090}.Release|Any CPU.Build.0 = Release|Any CPU
		{3338C156-CC4D-487B-A562-6FD86E6044B2}.Debug|Any CPU.ActiveCfg = Debug|Any CPU
		{3338C156-CC4D-487B-A562-6FD86E6044B2}.Debug|Any CPU.Build.0 = Debug|Any CPU
		{3338C156-CC4D-487B-A562-6FD86E6044B2}.Release|Any CPU.ActiveCfg = Release|Any CPU
		{3338C156-CC4D-487B-A562-6FD86E6044B2}.Release|Any CPU.Build.0 = Release|Any CPU
		{5173DB5A-7CBC-4E08-9B25-FE4F833A22A8}.Debug|Any CPU.ActiveCfg = Debug|Any CPU
		{5173DB5A-7CBC-4E08-9B25-FE4F833A22A8}.Debug|Any CPU.Build.0 = Debug|Any CPU
		{5173DB5A-7CBC-4E08-9B25-FE4F833A22A8}.Release|Any CPU.ActiveCfg = Release|Any CPU
		{5173DB5A-7CBC-4E08-9B25-FE4F833A22A8}.Release|Any CPU.Build.0 = Release|Any CPU
		{22165B18-211D-4C5C-9530-6A345A1FCE10}.Debug|Any CPU.ActiveCfg = Debug|Any CPU
		{22165B18-211D-4C5C-9530-6A345A1FCE10}.Debug|Any CPU.Build.0 = Debug|Any CPU
		{22165B18-211D-4C5C-9530-6A345A1FCE10}.Release|Any CPU.ActiveCfg = Release|Any CPU
		{22165B18-211D-4C5C-9530-6A345A1FCE10}.Release|Any CPU.Build.0 = Release|Any CPU
		{A364BA98-57FB-4A1C-8045-2AD10FF192CE}.Debug|Any CPU.ActiveCfg = Debug|Any CPU
		{A364BA98-57FB-4A1C-8045-2AD10FF192CE}.Debug|Any CPU.Build.0 = Debug|Any CPU
		{A364BA98-57FB-4A1C-8045-2AD10FF192CE}.Release|Any CPU.ActiveCfg = Release|Any CPU
		{A364BA98-57FB-4A1C-8045-2AD10FF192CE}.Release|Any CPU.Build.0 = Release|Any CPU
		{BFFBEBC6-3A37-4D23-80DB-90B958D4F904}.Debug|Any CPU.ActiveCfg = Debug|Any CPU
		{BFFBEBC6-3A37-4D23-80DB-90B958D4F904}.Debug|Any CPU.Build.0 = Debug|Any CPU
		{BFFBEBC6-3A37-4D23-80DB-90B958D4F904}.Release|Any CPU.ActiveCfg = Release|Any CPU
		{BFFBEBC6-3A37-4D23-80DB-90B958D4F904}.Release|Any CPU.Build.0 = Release|Any CPU
		{60E3B7F6-CE37-40C2-8B32-5DA661B8DE38}.Debug|Any CPU.ActiveCfg = Debug|Any CPU
		{60E3B7F6-CE37-40C2-8B32-5DA661B8DE38}.Debug|Any CPU.Build.0 = Debug|Any CPU
		{60E3B7F6-CE37-40C2-8B32-5DA661B8DE38}.Release|Any CPU.ActiveCfg = Release|Any CPU
		{60E3B7F6-CE37-40C2-8B32-5DA661B8DE38}.Release|Any CPU.Build.0 = Release|Any CPU
		{51F4DA10-176B-4642-8FE4-2267B3A30759}.Debug|Any CPU.ActiveCfg = Debug|Any CPU
		{51F4DA10-176B-4642-8FE4-2267B3A30759}.Debug|Any CPU.Build.0 = Debug|Any CPU
		{51F4DA10-176B-4642-8FE4-2267B3A30759}.Release|Any CPU.ActiveCfg = Release|Any CPU
		{51F4DA10-176B-4642-8FE4-2267B3A30759}.Release|Any CPU.Build.0 = Release|Any CPU
		{C1C83191-C40A-4DA0-94EA-0D638BB55AF4}.Debug|Any CPU.ActiveCfg = Debug|Any CPU
		{C1C83191-C40A-4DA0-94EA-0D638BB55AF4}.Debug|Any CPU.Build.0 = Debug|Any CPU
		{C1C83191-C40A-4DA0-94EA-0D638BB55AF4}.Release|Any CPU.ActiveCfg = Release|Any CPU
		{C1C83191-C40A-4DA0-94EA-0D638BB55AF4}.Release|Any CPU.Build.0 = Release|Any CPU
		{60228856-65B4-4CF5-BD03-73947BB8701C}.Debug|Any CPU.ActiveCfg = Debug|Any CPU
		{60228856-65B4-4CF5-BD03-73947BB8701C}.Debug|Any CPU.Build.0 = Debug|Any CPU
		{60228856-65B4-4CF5-BD03-73947BB8701C}.Release|Any CPU.ActiveCfg = Release|Any CPU
		{60228856-65B4-4CF5-BD03-73947BB8701C}.Release|Any CPU.Build.0 = Release|Any CPU
		{29963ED4-0F04-41D7-B0DF-0AC6A7CFA538}.Debug|Any CPU.ActiveCfg = Debug|Any CPU
		{29963ED4-0F04-41D7-B0DF-0AC6A7CFA538}.Debug|Any CPU.Build.0 = Debug|Any CPU
		{29963ED4-0F04-41D7-B0DF-0AC6A7CFA538}.Release|Any CPU.ActiveCfg = Release|Any CPU
		{29963ED4-0F04-41D7-B0DF-0AC6A7CFA538}.Release|Any CPU.Build.0 = Release|Any CPU
		{48F356FE-B882-4344-AD3B-565E0A1D89DB}.Debug|Any CPU.ActiveCfg = Debug|Any CPU
		{48F356FE-B882-4344-AD3B-565E0A1D89DB}.Debug|Any CPU.Build.0 = Debug|Any CPU
		{48F356FE-B882-4344-AD3B-565E0A1D89DB}.Release|Any CPU.ActiveCfg = Release|Any CPU
		{48F356FE-B882-4344-AD3B-565E0A1D89DB}.Release|Any CPU.Build.0 = Release|Any CPU
		{44EBEFCF-824B-401E-9447-4ECA41B24FC3}.Debug|Any CPU.ActiveCfg = Debug|Any CPU
		{44EBEFCF-824B-401E-9447-4ECA41B24FC3}.Debug|Any CPU.Build.0 = Debug|Any CPU
		{44EBEFCF-824B-401E-9447-4ECA41B24FC3}.Release|Any CPU.ActiveCfg = Release|Any CPU
		{44EBEFCF-824B-401E-9447-4ECA41B24FC3}.Release|Any CPU.Build.0 = Release|Any CPU
		{A8BEEFCA-2851-4FCA-8393-7AD661A0CF32}.Debug|Any CPU.ActiveCfg = Debug|Any CPU
		{A8BEEFCA-2851-4FCA-8393-7AD661A0CF32}.Debug|Any CPU.Build.0 = Debug|Any CPU
		{A8BEEFCA-2851-4FCA-8393-7AD661A0CF32}.Release|Any CPU.ActiveCfg = Release|Any CPU
		{A8BEEFCA-2851-4FCA-8393-7AD661A0CF32}.Release|Any CPU.Build.0 = Release|Any CPU
		{836B1B70-A724-4376-AC00-78DEF08AB20C}.Debug|Any CPU.ActiveCfg = Debug|Any CPU
		{836B1B70-A724-4376-AC00-78DEF08AB20C}.Debug|Any CPU.Build.0 = Debug|Any CPU
		{836B1B70-A724-4376-AC00-78DEF08AB20C}.Release|Any CPU.ActiveCfg = Release|Any CPU
		{836B1B70-A724-4376-AC00-78DEF08AB20C}.Release|Any CPU.Build.0 = Release|Any CPU
		{3FAA48A7-FCF2-49AB-880A-5E578C403E67}.Debug|Any CPU.ActiveCfg = Debug|Any CPU
		{3FAA48A7-FCF2-49AB-880A-5E578C403E67}.Debug|Any CPU.Build.0 = Debug|Any CPU
		{3FAA48A7-FCF2-49AB-880A-5E578C403E67}.Release|Any CPU.ActiveCfg = Release|Any CPU
		{3FAA48A7-FCF2-49AB-880A-5E578C403E67}.Release|Any CPU.Build.0 = Release|Any CPU
		{DDAF3AB2-B241-452C-80F8-E5E50437944D}.Debug|Any CPU.ActiveCfg = Debug|Any CPU
		{DDAF3AB2-B241-452C-80F8-E5E50437944D}.Debug|Any CPU.Build.0 = Debug|Any CPU
		{DDAF3AB2-B241-452C-80F8-E5E50437944D}.Release|Any CPU.ActiveCfg = Release|Any CPU
		{DDAF3AB2-B241-452C-80F8-E5E50437944D}.Release|Any CPU.Build.0 = Release|Any CPU
		{7EABBA0F-41A0-4BB2-AD90-F4BEDEAE3590}.Debug|Any CPU.ActiveCfg = Debug|Any CPU
		{7EABBA0F-41A0-4BB2-AD90-F4BEDEAE3590}.Debug|Any CPU.Build.0 = Debug|Any CPU
		{7EABBA0F-41A0-4BB2-AD90-F4BEDEAE3590}.Release|Any CPU.ActiveCfg = Release|Any CPU
		{7EABBA0F-41A0-4BB2-AD90-F4BEDEAE3590}.Release|Any CPU.Build.0 = Release|Any CPU
		{12F34090-49D8-438F-B62E-9860C7E105A2}.Debug|Any CPU.ActiveCfg = Debug|Any CPU
		{12F34090-49D8-438F-B62E-9860C7E105A2}.Debug|Any CPU.Build.0 = Debug|Any CPU
		{12F34090-49D8-438F-B62E-9860C7E105A2}.Release|Any CPU.ActiveCfg = Release|Any CPU
		{12F34090-49D8-438F-B62E-9860C7E105A2}.Release|Any CPU.Build.0 = Release|Any CPU
		{5F0E7D32-CD11-41D8-9C7D-E6E1835BBAD1}.Debug|Any CPU.ActiveCfg = Debug|Any CPU
		{5F0E7D32-CD11-41D8-9C7D-E6E1835BBAD1}.Debug|Any CPU.Build.0 = Debug|Any CPU
		{5F0E7D32-CD11-41D8-9C7D-E6E1835BBAD1}.Release|Any CPU.ActiveCfg = Release|Any CPU
		{5F0E7D32-CD11-41D8-9C7D-E6E1835BBAD1}.Release|Any CPU.Build.0 = Release|Any CPU
		{1C595154-44D5-4E19-B832-C5EC5D8F0E91}.Debug|Any CPU.ActiveCfg = Debug|Any CPU
		{1C595154-44D5-4E19-B832-C5EC5D8F0E91}.Debug|Any CPU.Build.0 = Debug|Any CPU
		{1C595154-44D5-4E19-B832-C5EC5D8F0E91}.Release|Any CPU.ActiveCfg = Release|Any CPU
		{1C595154-44D5-4E19-B832-C5EC5D8F0E91}.Release|Any CPU.Build.0 = Release|Any CPU
		{4670531C-7470-481B-8024-90D93698CCB0}.Debug|Any CPU.ActiveCfg = Debug|Any CPU
		{4670531C-7470-481B-8024-90D93698CCB0}.Debug|Any CPU.Build.0 = Debug|Any CPU
		{4670531C-7470-481B-8024-90D93698CCB0}.Release|Any CPU.ActiveCfg = Release|Any CPU
		{4670531C-7470-481B-8024-90D93698CCB0}.Release|Any CPU.Build.0 = Release|Any CPU
		{0E0A2E16-33D6-42F8-98B9-DC1F985F274A}.Debug|Any CPU.ActiveCfg = Debug|Any CPU
		{0E0A2E16-33D6-42F8-98B9-DC1F985F274A}.Debug|Any CPU.Build.0 = Debug|Any CPU
		{0E0A2E16-33D6-42F8-98B9-DC1F985F274A}.Release|Any CPU.ActiveCfg = Release|Any CPU
		{0E0A2E16-33D6-42F8-98B9-DC1F985F274A}.Release|Any CPU.Build.0 = Release|Any CPU
		{63DEF1C3-ED54-4FC4-81CD-3E181C2E7B3C}.Debug|Any CPU.ActiveCfg = Debug|Any CPU
		{63DEF1C3-ED54-4FC4-81CD-3E181C2E7B3C}.Debug|Any CPU.Build.0 = Debug|Any CPU
		{63DEF1C3-ED54-4FC4-81CD-3E181C2E7B3C}.Release|Any CPU.ActiveCfg = Release|Any CPU
		{63DEF1C3-ED54-4FC4-81CD-3E181C2E7B3C}.Release|Any CPU.Build.0 = Release|Any CPU
		{258CE3AB-C4EB-4062-9107-6716519D77F5}.Debug|Any CPU.ActiveCfg = Debug|Any CPU
		{258CE3AB-C4EB-4062-9107-6716519D77F5}.Debug|Any CPU.Build.0 = Debug|Any CPU
		{258CE3AB-C4EB-4062-9107-6716519D77F5}.Release|Any CPU.ActiveCfg = Release|Any CPU
		{258CE3AB-C4EB-4062-9107-6716519D77F5}.Release|Any CPU.Build.0 = Release|Any CPU
		{767A53E7-9563-4AE0-A891-D978AD611D25}.Debug|Any CPU.ActiveCfg = Debug|Any CPU
		{767A53E7-9563-4AE0-A891-D978AD611D25}.Debug|Any CPU.Build.0 = Debug|Any CPU
		{767A53E7-9563-4AE0-A891-D978AD611D25}.Release|Any CPU.ActiveCfg = Release|Any CPU
		{767A53E7-9563-4AE0-A891-D978AD611D25}.Release|Any CPU.Build.0 = Release|Any CPU
	EndGlobalSection
	GlobalSection(SolutionProperties) = preSolution
		HideSolutionNode = FALSE
	EndGlobalSection
	GlobalSection(NestedProjects) = preSolution
		{3338C156-CC4D-487B-A562-6FD86E6044B2} = {7A0F6953-7172-44FF-B763-60B936177F04}
		{398189A9-B9DC-461A-903F-3D8035761090} = {7A0F6953-7172-44FF-B763-60B936177F04}
		{5173DB5A-7CBC-4E08-9B25-FE4F833A22A8} = {7A0F6953-7172-44FF-B763-60B936177F04}
		{22165B18-211D-4C5C-9530-6A345A1FCE10} = {7A0F6953-7172-44FF-B763-60B936177F04}
		{A364BA98-57FB-4A1C-8045-2AD10FF192CE} = {05A06AFC-52DD-4CA6-9432-47AEDE1F6437}
		{BFFBEBC6-3A37-4D23-80DB-90B958D4F904} = {05A06AFC-52DD-4CA6-9432-47AEDE1F6437}
		{60E3B7F6-CE37-40C2-8B32-5DA661B8DE38} = {05A06AFC-52DD-4CA6-9432-47AEDE1F6437}
		{51F4DA10-176B-4642-8FE4-2267B3A30759} = {AEF97963-6A6E-491C-8B62-F20EA26CF4D4}
		{C1C83191-C40A-4DA0-94EA-0D638BB55AF4} = {AEF97963-6A6E-491C-8B62-F20EA26CF4D4}
		{60228856-65B4-4CF5-BD03-73947BB8701C} = {AEF97963-6A6E-491C-8B62-F20EA26CF4D4}
		{29963ED4-0F04-41D7-B0DF-0AC6A7CFA538} = {AEF97963-6A6E-491C-8B62-F20EA26CF4D4}
		{48F356FE-B882-4344-AD3B-565E0A1D89DB} = {AEF97963-6A6E-491C-8B62-F20EA26CF4D4}
		{44EBEFCF-824B-401E-9447-4ECA41B24FC3} = {52FA14F9-29AB-482C-B068-133FB3280444}
		{A8BEEFCA-2851-4FCA-8393-7AD661A0CF32} = {52FA14F9-29AB-482C-B068-133FB3280444}
		{836B1B70-A724-4376-AC00-78DEF08AB20C} = {F5F3026B-A611-4307-BC1A-3D2381303F7D}
		{3FAA48A7-FCF2-49AB-880A-5E578C403E67} = {F5F3026B-A611-4307-BC1A-3D2381303F7D}
		{DDAF3AB2-B241-452C-80F8-E5E50437944D} = {F5F3026B-A611-4307-BC1A-3D2381303F7D}
		{7EABBA0F-41A0-4BB2-AD90-F4BEDEAE3590} = {F5F3026B-A611-4307-BC1A-3D2381303F7D}
		{12F34090-49D8-438F-B62E-9860C7E105A2} = {F5F3026B-A611-4307-BC1A-3D2381303F7D}
		{5F0E7D32-CD11-41D8-9C7D-E6E1835BBAD1} = {F5F3026B-A611-4307-BC1A-3D2381303F7D}
		{767A53E7-9563-4AE0-A891-D978AD611D25} = {F5F3026B-A611-4307-BC1A-3D2381303F7D}
		{1C595154-44D5-4E19-B832-C5EC5D8F0E91} = {511223A6-2E3E-42DE-9ADE-186E798483F7}
		{4670531C-7470-481B-8024-90D93698CCB0} = {511223A6-2E3E-42DE-9ADE-186E798483F7}
		{0E0A2E16-33D6-42F8-98B9-DC1F985F274A} = {511223A6-2E3E-42DE-9ADE-186E798483F7}
		{63DEF1C3-ED54-4FC4-81CD-3E181C2E7B3C} = {511223A6-2E3E-42DE-9ADE-186E798483F7}
		{258CE3AB-C4EB-4062-9107-6716519D77F5} = {511223A6-2E3E-42DE-9ADE-186E798483F7}
	EndGlobalSection
EndGlobal
